
Microsoft Visual Studio Solution File, Format Version 12.00
# Visual Studio Version 17
VisualStudioVersion = 17.5.002.0
MinimumVisualStudioVersion = 10.0.40219.1
Project("{9A19103F-16F7-4668-BE54-9A1E7A4F7556}") = "Booking.Query", "Booking.Query\Booking.Query.csproj", "{92F2DD75-61B7-485B-BC75-59C39C42CD76}"
EndProject
Project("{9A19103F-16F7-4668-BE54-9A1E7A4F7556}") = "Booking.Command", "Booking.Command\Booking.Command.csproj", "{4810821E-CCE4-435A-BEDB-2F1EE10E8D7B}"
EndProject
Global
	GlobalSection(SolutionConfigurationPlatforms) = preSolution
		Debug|Any CPU = Debug|Any CPU
		Release|Any CPU = Release|Any CPU
	EndGlobalSection
	GlobalSection(ProjectConfigurationPlatforms) = postSolution
		{92F2DD75-61B7-485B-BC75-59C39C42CD76}.Debug|Any CPU.ActiveCfg = Debug|Any CPU
		{92F2DD75-61B7-485B-BC75-59C39C42CD76}.Debug|Any CPU.Build.0 = Debug|Any CPU
		{92F2DD75-61B7-485B-BC75-59C39C42CD76}.Release|Any CPU.ActiveCfg = Release|Any CPU
		{92F2DD75-61B7-485B-BC75-59C39C42CD76}.Release|Any CPU.Build.0 = Release|Any CPU
		{4810821E-CCE4-435A-BEDB-2F1EE10E8D7B}.Debug|Any CPU.ActiveCfg = Debug|Any CPU
		{4810821E-CCE4-435A-BEDB-2F1EE10E8D7B}.Debug|Any CPU.Build.0 = Debug|Any CPU
		{4810821E-CCE4-435A-BEDB-2F1EE10E8D7B}.Release|Any CPU.ActiveCfg = Release|Any CPU
		{4810821E-CCE4-435A-BEDB-2F1EE10E8D7B}.Release|Any CPU.Build.0 = Release|Any CPU
	EndGlobalSection
	GlobalSection(SolutionProperties) = preSolution
		HideSolutionNode = FALSE
	EndGlobalSection
	GlobalSection(ExtensibilityGlobals) = postSolution
		SolutionGuid = {292D6EEE-9EC7-430D-A70F-2229D9608AA2}
	EndGlobalSection
EndGlobal
